# This file is automatically @generated by Cargo.
# It is not intended for manual editing.
[[package]]
name = "lazy_static"
version = "1.4.0"
source = "registry+https://github.com/rust-lang/crates.io-index"
checksum = "e2abad23fbc42b3700f2f279844dc832adb2b2eb069b2df918f455c4e18cc646"

[[package]]
name = "libc"
version = "0.2.74"
source = "registry+https://github.com/rust-lang/crates.io-index"
checksum = "a2f02823cf78b754822df5f7f268fb59822e7296276d3e069d8e8cb26a14bd10"

[[package]]
name = "rpi_e"
version = "0.1.0"
dependencies = [
 "rpi_embedded",
]

[[package]]
name = "rpi_embedded"
version = "0.0.6"
source = "registry+https://github.com/rust-lang/crates.io-index"
checksum = "df5eac405907eb9e6518f92dc64fd342a95f6c8d63ac3c59646bb049d4f3f0af"
dependencies = [
 "lazy_static",
 "libc",
]
